# This file is automatically @generated by Cargo.
# It is not intended for manual editing.
[[package]]
name = "anyhow"
version = "1.0.26"
source = "registry+https://github.com/rust-lang/crates.io-index"

[[package]]
name = "linenums"
version = "0.1.0"
dependencies = [
 "anyhow 1.0.26 (registry+https://github.com/rust-lang/crates.io-index)",
 "stdinix 0.1.0 (registry+https://github.com/rust-lang/crates.io-index)",
]

[[package]]
name = "stdinix"
version = "0.1.0"
source = "registry+https://github.com/rust-lang/crates.io-index"

[metadata]
"checksum anyhow 1.0.26 (registry+https://github.com/rust-lang/crates.io-index)" = "7825f6833612eb2414095684fcf6c635becf3ce97fe48cf6421321e93bfbd53c"
"checksum stdinix 0.1.0 (registry+https://github.com/rust-lang/crates.io-index)" = "0aa215f7a4fefbdf096d977e84143a5cac88dcb445f28637b4e7db711763a20b"
